// !$*UTF8*$!
{
	archiveVersion = 1;
	classes = {
	};
	objectVersion = 50;
	objects = {

/* Begin PBXBuildFile section */
		B53C7CF125D7FB6100D29C31 /* FoodDetailModule.framework in Frameworks */ = {isa = PBXBuildFile; fileRef = B53C7CE725D7FB6000D29C31 /* FoodDetailModule.framework */; };
		B53C7CF625D7FB6100D29C31 /* FoodDetailModuleTests.swift in Sources */ = {isa = PBXBuildFile; fileRef = B53C7CF525D7FB6100D29C31 /* FoodDetailModuleTests.swift */; };
		B53C7CF825D7FB6100D29C31 /* FoodDetailModule.h in Headers */ = {isa = PBXBuildFile; fileRef = B53C7CEA25D7FB6000D29C31 /* FoodDetailModule.h */; settings = {ATTRIBUTES = (Public, ); }; };
		B53C7D0825D7FB9900D29C31 /* FoodDetailResponse.swift in Sources */ = {isa = PBXBuildFile; fileRef = B53C7D0725D7FB9900D29C31 /* FoodDetailResponse.swift */; };
		B53C7D0C25D7FBB900D29C31 /* NutrientDetailResposne.swift in Sources */ = {isa = PBXBuildFile; fileRef = B53C7D0B25D7FBB900D29C31 /* NutrientDetailResposne.swift */; };
		B53C7D1225D7FBFB00D29C31 /* FoodRepository.swift in Sources */ = {isa = PBXBuildFile; fileRef = B53C7D1125D7FBFB00D29C31 /* FoodRepository.swift */; };
		B53C7D1625D7FC3E00D29C31 /* RemoteDataSource.swift in Sources */ = {isa = PBXBuildFile; fileRef = B53C7D1525D7FC3E00D29C31 /* RemoteDataSource.swift */; };
		B53C7D1B25D7FCA600D29C31 /* Endpoint.swift in Sources */ = {isa = PBXBuildFile; fileRef = B53C7D1A25D7FCA600D29C31 /* Endpoint.swift */; };
		B53C7D2125D7FCAD00D29C31 /* Constant.swift in Sources */ = {isa = PBXBuildFile; fileRef = B53C7D2025D7FCAD00D29C31 /* Constant.swift */; };
		B53C7D2525D7FCB300D29C31 /* Helper.swift in Sources */ = {isa = PBXBuildFile; fileRef = B53C7D2425D7FCB300D29C31 /* Helper.swift */; };
		B53C7D2A25D7FD0800D29C31 /* FoodDetailModel.swift in Sources */ = {isa = PBXBuildFile; fileRef = B53C7D2925D7FD0800D29C31 /* FoodDetailModel.swift */; };
		B53C7D3125D7FD6B00D29C31 /* FoodInteractor.swift in Sources */ = {isa = PBXBuildFile; fileRef = B53C7D3025D7FD6B00D29C31 /* FoodInteractor.swift */; };
		B53C7D3625D7FDBA00D29C31 /* Injection.swift in Sources */ = {isa = PBXBuildFile; fileRef = B53C7D3525D7FDBA00D29C31 /* Injection.swift */; };
		B53C7D3D25D7FE4A00D29C31 /* FoodPresenter.swift in Sources */ = {isa = PBXBuildFile; fileRef = B53C7D3C25D7FE4A00D29C31 /* FoodPresenter.swift */; };
		B53C7D6A25D801BF00D29C31 /* NutrientDetailModel.swift in Sources */ = {isa = PBXBuildFile; fileRef = B53C7D6925D801BF00D29C31 /* NutrientDetailModel.swift */; };
/* End PBXBuildFile section */

/* Begin PBXContainerItemProxy section */
		B53C7CF225D7FB6100D29C31 /* PBXContainerItemProxy */ = {
			isa = PBXContainerItemProxy;
			containerPortal = B53C7CDE25D7FB6000D29C31 /* Project object */;
			proxyType = 1;
			remoteGlobalIDString = B53C7CE625D7FB6000D29C31;
			remoteInfo = FoodDetailModule;
		};
/* End PBXContainerItemProxy section */

/* Begin PBXFileReference section */
		B53C7CE725D7FB6000D29C31 /* FoodDetailModule.framework */ = {isa = PBXFileReference; explicitFileType = wrapper.framework; includeInIndex = 0; path = FoodDetailModule.framework; sourceTree = BUILT_PRODUCTS_DIR; };
		B53C7CEA25D7FB6000D29C31 /* FoodDetailModule.h */ = {isa = PBXFileReference; lastKnownFileType = sourcecode.c.h; path = FoodDetailModule.h; sourceTree = "<group>"; };
		B53C7CEB25D7FB6000D29C31 /* Info.plist */ = {isa = PBXFileReference; lastKnownFileType = text.plist.xml; path = Info.plist; sourceTree = "<group>"; };
		B53C7CF025D7FB6100D29C31 /* FoodDetailModuleTests.xctest */ = {isa = PBXFileReference; explicitFileType = wrapper.cfbundle; includeInIndex = 0; path = FoodDetailModuleTests.xctest; sourceTree = BUILT_PRODUCTS_DIR; };
		B53C7CF525D7FB6100D29C31 /* FoodDetailModuleTests.swift */ = {isa = PBXFileReference; lastKnownFileType = sourcecode.swift; path = FoodDetailModuleTests.swift; sourceTree = "<group>"; };
		B53C7CF725D7FB6100D29C31 /* Info.plist */ = {isa = PBXFileReference; lastKnownFileType = text.plist.xml; path = Info.plist; sourceTree = "<group>"; };
		B53C7D0725D7FB9900D29C31 /* FoodDetailResponse.swift */ = {isa = PBXFileReference; lastKnownFileType = sourcecode.swift; path = FoodDetailResponse.swift; sourceTree = "<group>"; };
		B53C7D0B25D7FBB900D29C31 /* NutrientDetailResposne.swift */ = {isa = PBXFileReference; lastKnownFileType = sourcecode.swift; path = NutrientDetailResposne.swift; sourceTree = "<group>"; };
		B53C7D1125D7FBFB00D29C31 /* FoodRepository.swift */ = {isa = PBXFileReference; lastKnownFileType = sourcecode.swift; path = FoodRepository.swift; sourceTree = "<group>"; };
		B53C7D1525D7FC3E00D29C31 /* RemoteDataSource.swift */ = {isa = PBXFileReference; lastKnownFileType = sourcecode.swift; path = RemoteDataSource.swift; sourceTree = "<group>"; };
		B53C7D1A25D7FCA600D29C31 /* Endpoint.swift */ = {isa = PBXFileReference; lastKnownFileType = sourcecode.swift; path = Endpoint.swift; sourceTree = "<group>"; };
		B53C7D2025D7FCAD00D29C31 /* Constant.swift */ = {isa = PBXFileReference; lastKnownFileType = sourcecode.swift; path = Constant.swift; sourceTree = "<group>"; };
		B53C7D2425D7FCB300D29C31 /* Helper.swift */ = {isa = PBXFileReference; lastKnownFileType = sourcecode.swift; path = Helper.swift; sourceTree = "<group>"; };
		B53C7D2925D7FD0800D29C31 /* FoodDetailModel.swift */ = {isa = PBXFileReference; lastKnownFileType = sourcecode.swift; path = FoodDetailModel.swift; sourceTree = "<group>"; };
		B53C7D3025D7FD6B00D29C31 /* FoodInteractor.swift */ = {isa = PBXFileReference; lastKnownFileType = sourcecode.swift; path = FoodInteractor.swift; sourceTree = "<group>"; };
		B53C7D3525D7FDBA00D29C31 /* Injection.swift */ = {isa = PBXFileReference; lastKnownFileType = sourcecode.swift; path = Injection.swift; sourceTree = "<group>"; };
		B53C7D3C25D7FE4A00D29C31 /* FoodPresenter.swift */ = {isa = PBXFileReference; lastKnownFileType = sourcecode.swift; path = FoodPresenter.swift; sourceTree = "<group>"; };
		B53C7D6925D801BF00D29C31 /* NutrientDetailModel.swift */ = {isa = PBXFileReference; lastKnownFileType = sourcecode.swift; path = NutrientDetailModel.swift; sourceTree = "<group>"; };
/* End PBXFileReference section */

/* Begin PBXFrameworksBuildPhase section */
		B53C7CE425D7FB6000D29C31 /* Frameworks */ = {
			isa = PBXFrameworksBuildPhase;
			buildActionMask = 2147483647;
			files = (
			);
			runOnlyForDeploymentPostprocessing = 0;
		};
		B53C7CED25D7FB6100D29C31 /* Frameworks */ = {
			isa = PBXFrameworksBuildPhase;
			buildActionMask = 2147483647;
			files = (
				B53C7CF125D7FB6100D29C31 /* FoodDetailModule.framework in Frameworks */,
			);
			runOnlyForDeploymentPostprocessing = 0;
		};
/* End PBXFrameworksBuildPhase section */

/* Begin PBXGroup section */
		B53C7CDD25D7FB6000D29C31 = {
			isa = PBXGroup;
			children = (
				B53C7CE925D7FB6000D29C31 /* FoodDetailModule */,
				B53C7CF425D7FB6100D29C31 /* FoodDetailModuleTests */,
				B53C7CE825D7FB6000D29C31 /* Products */,
			);
			sourceTree = "<group>";
		};
		B53C7CE825D7FB6000D29C31 /* Products */ = {
			isa = PBXGroup;
			children = (
				B53C7CE725D7FB6000D29C31 /* FoodDetailModule.framework */,
				B53C7CF025D7FB6100D29C31 /* FoodDetailModuleTests.xctest */,
			);
			name = Products;
			sourceTree = "<group>";
		};
		B53C7CE925D7FB6000D29C31 /* FoodDetailModule */ = {
			isa = PBXGroup;
			children = (
				B53C7D0325D7FB6600D29C31 /* Data */,
				B53C7D0425D7FB6A00D29C31 /* Domain */,
				B53C7D0525D7FB7200D29C31 /* Presentation */,
				B53C7CEA25D7FB6000D29C31 /* FoodDetailModule.h */,
				B53C7CEB25D7FB6000D29C31 /* Info.plist */,
			);
			path = FoodDetailModule;
			sourceTree = "<group>";
		};
		B53C7CF425D7FB6100D29C31 /* FoodDetailModuleTests */ = {
			isa = PBXGroup;
			children = (
				B53C7CF525D7FB6100D29C31 /* FoodDetailModuleTests.swift */,
				B53C7CF725D7FB6100D29C31 /* Info.plist */,
			);
			path = FoodDetailModuleTests;
			sourceTree = "<group>";
		};
		B53C7D0325D7FB6600D29C31 /* Data */ = {
			isa = PBXGroup;
			children = (
				B53C7D0625D7FB8E00D29C31 /* Model */,
				B53C7D0F25D7FBD600D29C31 /* Repository */,
				B53C7D1025D7FBE500D29C31 /* Data Source */,
				B53C7D1925D7FC9A00D29C31 /* Utils */,
			);
			path = Data;
			sourceTree = "<group>";
		};
		B53C7D0425D7FB6A00D29C31 /* Domain */ = {
			isa = PBXGroup;
			children = (
				B53C7D2825D7FCFC00D29C31 /* Model */,
				B53C7D2F25D7FD5C00D29C31 /* Interactor */,
			);
			path = Domain;
			sourceTree = "<group>";
		};
		B53C7D0525D7FB7200D29C31 /* Presentation */ = {
			isa = PBXGroup;
			children = (
				B53C7D3425D7FDAA00D29C31 /* Dependency Injection */,
				B53C7D3B25D7FE3300D29C31 /* Presenter */,
			);
			path = Presentation;
			sourceTree = "<group>";
		};
		B53C7D0625D7FB8E00D29C31 /* Model */ = {
			isa = PBXGroup;
			children = (
				B53C7D0725D7FB9900D29C31 /* FoodDetailResponse.swift */,
				B53C7D0B25D7FBB900D29C31 /* NutrientDetailResposne.swift */,
			);
			path = Model;
			sourceTree = "<group>";
		};
		B53C7D0F25D7FBD600D29C31 /* Repository */ = {
			isa = PBXGroup;
			children = (
				B53C7D1125D7FBFB00D29C31 /* FoodRepository.swift */,
			);
			path = Repository;
			sourceTree = "<group>";
		};
		B53C7D1025D7FBE500D29C31 /* Data Source */ = {
			isa = PBXGroup;
			children = (
				B53C7D1525D7FC3E00D29C31 /* RemoteDataSource.swift */,
			);
			path = "Data Source";
			sourceTree = "<group>";
		};
		B53C7D1925D7FC9A00D29C31 /* Utils */ = {
			isa = PBXGroup;
			children = (
				B53C7D1A25D7FCA600D29C31 /* Endpoint.swift */,
				B53C7D2025D7FCAD00D29C31 /* Constant.swift */,
				B53C7D2425D7FCB300D29C31 /* Helper.swift */,
			);
			path = Utils;
			sourceTree = "<group>";
		};
		B53C7D2825D7FCFC00D29C31 /* Model */ = {
			isa = PBXGroup;
			children = (
				B53C7D2925D7FD0800D29C31 /* FoodDetailModel.swift */,
				B53C7D6925D801BF00D29C31 /* NutrientDetailModel.swift */,
			);
			path = Model;
			sourceTree = "<group>";
		};
		B53C7D2F25D7FD5C00D29C31 /* Interactor */ = {
			isa = PBXGroup;
			children = (
				B53C7D3025D7FD6B00D29C31 /* FoodInteractor.swift */,
			);
			path = Interactor;
			sourceTree = "<group>";
		};
		B53C7D3425D7FDAA00D29C31 /* Dependency Injection */ = {
			isa = PBXGroup;
			children = (
				B53C7D3525D7FDBA00D29C31 /* Injection.swift */,
			);
			path = "Dependency Injection";
			sourceTree = "<group>";
		};
		B53C7D3B25D7FE3300D29C31 /* Presenter */ = {
			isa = PBXGroup;
			children = (
				B53C7D3C25D7FE4A00D29C31 /* FoodPresenter.swift */,
			);
			path = Presenter;
			sourceTree = "<group>";
		};
/* End PBXGroup section */

/* Begin PBXHeadersBuildPhase section */
		B53C7CE225D7FB6000D29C31 /* Headers */ = {
			isa = PBXHeadersBuildPhase;
			buildActionMask = 2147483647;
			files = (
				B53C7CF825D7FB6100D29C31 /* FoodDetailModule.h in Headers */,
			);
			runOnlyForDeploymentPostprocessing = 0;
		};
/* End PBXHeadersBuildPhase section */

/* Begin PBXNativeTarget section */
		B53C7CE625D7FB6000D29C31 /* FoodDetailModule */ = {
			isa = PBXNativeTarget;
			buildConfigurationList = B53C7CFB25D7FB6100D29C31 /* Build configuration list for PBXNativeTarget "FoodDetailModule" */;
			buildPhases = (
				B53C7CE225D7FB6000D29C31 /* Headers */,
				B53C7CE325D7FB6000D29C31 /* Sources */,
				B53C7CE425D7FB6000D29C31 /* Frameworks */,
				B53C7CE525D7FB6000D29C31 /* Resources */,
			);
			buildRules = (
			);
			dependencies = (
			);
			name = FoodDetailModule;
			productName = FoodDetailModule;
			productReference = B53C7CE725D7FB6000D29C31 /* FoodDetailModule.framework */;
			productType = "com.apple.product-type.framework";
		};
		B53C7CEF25D7FB6100D29C31 /* FoodDetailModuleTests */ = {
			isa = PBXNativeTarget;
			buildConfigurationList = B53C7CFE25D7FB6100D29C31 /* Build configuration list for PBXNativeTarget "FoodDetailModuleTests" */;
			buildPhases = (
				B53C7CEC25D7FB6100D29C31 /* Sources */,
				B53C7CED25D7FB6100D29C31 /* Frameworks */,
				B53C7CEE25D7FB6100D29C31 /* Resources */,
			);
			buildRules = (
			);
			dependencies = (
				B53C7CF325D7FB6100D29C31 /* PBXTargetDependency */,
			);
			name = FoodDetailModuleTests;
			productName = FoodDetailModuleTests;
			productReference = B53C7CF025D7FB6100D29C31 /* FoodDetailModuleTests.xctest */;
			productType = "com.apple.product-type.bundle.unit-test";
		};
/* End PBXNativeTarget section */

/* Begin PBXProject section */
		B53C7CDE25D7FB6000D29C31 /* Project object */ = {
			isa = PBXProject;
			attributes = {
				LastSwiftUpdateCheck = 1220;
				LastUpgradeCheck = 1220;
				TargetAttributes = {
					B53C7CE625D7FB6000D29C31 = {
						CreatedOnToolsVersion = 12.2;
						LastSwiftMigration = 1220;
					};
					B53C7CEF25D7FB6100D29C31 = {
						CreatedOnToolsVersion = 12.2;
					};
				};
			};
			buildConfigurationList = B53C7CE125D7FB6000D29C31 /* Build configuration list for PBXProject "FoodDetailModule" */;
			compatibilityVersion = "Xcode 9.3";
			developmentRegion = en;
			hasScannedForEncodings = 0;
			knownRegions = (
				en,
				Base,
			);
			mainGroup = B53C7CDD25D7FB6000D29C31;
			productRefGroup = B53C7CE825D7FB6000D29C31 /* Products */;
			projectDirPath = "";
			projectRoot = "";
			targets = (
				B53C7CE625D7FB6000D29C31 /* FoodDetailModule */,
				B53C7CEF25D7FB6100D29C31 /* FoodDetailModuleTests */,
			);
		};
/* End PBXProject section */

/* Begin PBXResourcesBuildPhase section */
		B53C7CE525D7FB6000D29C31 /* Resources */ = {
			isa = PBXResourcesBuildPhase;
			buildActionMask = 2147483647;
			files = (
			);
			runOnlyForDeploymentPostprocessing = 0;
		};
		B53C7CEE25D7FB6100D29C31 /* Resources */ = {
			isa = PBXResourcesBuildPhase;
			buildActionMask = 2147483647;
			files = (
			);
			runOnlyForDeploymentPostprocessing = 0;
		};
/* End PBXResourcesBuildPhase section */

/* Begin PBXSourcesBuildPhase section */
		B53C7CE325D7FB6000D29C31 /* Sources */ = {
			isa = PBXSourcesBuildPhase;
			buildActionMask = 2147483647;
			files = (
				B53C7D1625D7FC3E00D29C31 /* RemoteDataSource.swift in Sources */,
				B53C7D2525D7FCB300D29C31 /* Helper.swift in Sources */,
				B53C7D1225D7FBFB00D29C31 /* FoodRepository.swift in Sources */,
				B53C7D0C25D7FBB900D29C31 /* NutrientDetailResposne.swift in Sources */,
				B53C7D2A25D7FD0800D29C31 /* FoodDetailModel.swift in Sources */,
				B53C7D6A25D801BF00D29C31 /* NutrientDetailModel.swift in Sources */,
				B53C7D3625D7FDBA00D29C31 /* Injection.swift in Sources */,
				B53C7D0825D7FB9900D29C31 /* FoodDetailResponse.swift in Sources */,
				B53C7D1B25D7FCA600D29C31 /* Endpoint.swift in Sources */,
				B53C7D2125D7FCAD00D29C31 /* Constant.swift in Sources */,
				B53C7D3125D7FD6B00D29C31 /* FoodInteractor.swift in Sources */,
				B53C7D3D25D7FE4A00D29C31 /* FoodPresenter.swift in Sources */,
			);
			runOnlyForDeploymentPostprocessing = 0;
		};
		B53C7CEC25D7FB6100D29C31 /* Sources */ = {
			isa = PBXSourcesBuildPhase;
			buildActionMask = 2147483647;
			files = (
				B53C7CF625D7FB6100D29C31 /* FoodDetailModuleTests.swift in Sources */,
			);
			runOnlyForDeploymentPostprocessing = 0;
		};
/* End PBXSourcesBuildPhase section */

/* Begin PBXTargetDependency section */
		B53C7CF325D7FB6100D29C31 /* PBXTargetDependency */ = {
			isa = PBXTargetDependency;
			target = B53C7CE625D7FB6000D29C31 /* FoodDetailModule */;
			targetProxy = B53C7CF225D7FB6100D29C31 /* PBXContainerItemProxy */;
		};
/* End PBXTargetDependency section */

/* Begin XCBuildConfiguration section */
		B53C7CF925D7FB6100D29C31 /* Debug */ = {
			isa = XCBuildConfiguration;
			buildSettings = {
				ALWAYS_SEARCH_USER_PATHS = NO;
				CLANG_ANALYZER_NONNULL = YES;
				CLANG_ANALYZER_NUMBER_OBJECT_CONVERSION = YES_AGGRESSIVE;
				CLANG_CXX_LANGUAGE_STANDARD = "gnu++14";
				CLANG_CXX_LIBRARY = "libc++";
				CLANG_ENABLE_MODULES = YES;
				CLANG_ENABLE_OBJC_ARC = YES;
				CLANG_ENABLE_OBJC_WEAK = YES;
				CLANG_WARN_BLOCK_CAPTURE_AUTORELEASING = YES;
				CLANG_WARN_BOOL_CONVERSION = YES;
				CLANG_WARN_COMMA = YES;
				CLANG_WARN_CONSTANT_CONVERSION = YES;
				CLANG_WARN_DEPRECATED_OBJC_IMPLEMENTATIONS = YES;
				CLANG_WARN_DIRECT_OBJC_ISA_USAGE = YES_ERROR;
				CLANG_WARN_DOCUMENTATION_COMMENTS = YES;
				CLANG_WARN_EMPTY_BODY = YES;
				CLANG_WARN_ENUM_CONVERSION = YES;
				CLANG_WARN_INFINITE_RECURSION = YES;
				CLANG_WARN_INT_CONVERSION = YES;
				CLANG_WARN_NON_LITERAL_NULL_CONVERSION = YES;
				CLANG_WARN_OBJC_IMPLICIT_RETAIN_SELF = YES;
				CLANG_WARN_OBJC_LITERAL_CONVERSION = YES;
				CLANG_WARN_OBJC_ROOT_CLASS = YES_ERROR;
				CLANG_WARN_QUOTED_INCLUDE_IN_FRAMEWORK_HEADER = YES;
				CLANG_WARN_RANGE_LOOP_ANALYSIS = YES;
				CLANG_WARN_STRICT_PROTOTYPES = YES;
				CLANG_WARN_SUSPICIOUS_MOVE = YES;
				CLANG_WARN_UNGUARDED_AVAILABILITY = YES_AGGRESSIVE;
				CLANG_WARN_UNREACHABLE_CODE = YES;
				CLANG_WARN__DUPLICATE_METHOD_MATCH = YES;
				COPY_PHASE_STRIP = NO;
				CURRENT_PROJECT_VERSION = 1;
				DEBUG_INFORMATION_FORMAT = dwarf;
				ENABLE_STRICT_OBJC_MSGSEND = YES;
				ENABLE_TESTABILITY = YES;
				GCC_C_LANGUAGE_STANDARD = gnu11;
				GCC_DYNAMIC_NO_PIC = NO;
				GCC_NO_COMMON_BLOCKS = YES;
				GCC_OPTIMIZATION_LEVEL = 0;
				GCC_PREPROCESSOR_DEFINITIONS = (
					"DEBUG=1",
					"$(inherited)",
				);
				GCC_WARN_64_TO_32_BIT_CONVERSION = YES;
				GCC_WARN_ABOUT_RETURN_TYPE = YES_ERROR;
				GCC_WARN_UNDECLARED_SELECTOR = YES;
				GCC_WARN_UNINITIALIZED_AUTOS = YES_AGGRESSIVE;
				GCC_WARN_UNUSED_FUNCTION = YES;
				GCC_WARN_UNUSED_VARIABLE = YES;
				IPHONEOS_DEPLOYMENT_TARGET = 14.2;
				MTL_ENABLE_DEBUG_INFO = INCLUDE_SOURCE;
				MTL_FAST_MATH = YES;
				ONLY_ACTIVE_ARCH = YES;
				SDKROOT = iphoneos;
				SWIFT_ACTIVE_COMPILATION_CONDITIONS = DEBUG;
				SWIFT_OPTIMIZATION_LEVEL = "-Onone";
				VERSIONING_SYSTEM = "apple-generic";
				VERSION_INFO_PREFIX = "";
			};
			name = Debug;
		};
		B53C7CFA25D7FB6100D29C31 /* Release */ = {
			isa = XCBuildConfiguration;
			buildSettings = {
				ALWAYS_SEARCH_USER_PATHS = NO;
				CLANG_ANALYZER_NONNULL = YES;
				CLANG_ANALYZER_NUMBER_OBJECT_CONVERSION = YES_AGGRESSIVE;
				CLANG_CXX_LANGUAGE_STANDARD = "gnu++14";
				CLANG_CXX_LIBRARY = "libc++";
				CLANG_ENABLE_MODULES = YES;
				CLANG_ENABLE_OBJC_ARC = YES;
				CLANG_ENABLE_OBJC_WEAK = YES;
				CLANG_WARN_BLOCK_CAPTURE_AUTORELEASING = YES;
				CLANG_WARN_BOOL_CONVERSION = YES;
				CLANG_WARN_COMMA = YES;
				CLANG_WARN_CONSTANT_CONVERSION = YES;
				CLANG_WARN_DEPRECATED_OBJC_IMPLEMENTATIONS = YES;
				CLANG_WARN_DIRECT_OBJC_ISA_USAGE = YES_ERROR;
				CLANG_WARN_DOCUMENTATION_COMMENTS = YES;
				CLANG_WARN_EMPTY_BODY = YES;
				CLANG_WARN_ENUM_CONVERSION = YES;
				CLANG_WARN_INFINITE_RECURSION = YES;
				CLANG_WARN_INT_CONVERSION = YES;
				CLANG_WARN_NON_LITERAL_NULL_CONVERSION = YES;
				CLANG_WARN_OBJC_IMPLICIT_RETAIN_SELF = YES;
				CLANG_WARN_OBJC_LITERAL_CONVERSION = YES;
				CLANG_WARN_OBJC_ROOT_CLASS = YES_ERROR;
				CLANG_WARN_QUOTED_INCLUDE_IN_FRAMEWORK_HEADER = YES;
				CLANG_WARN_RANGE_LOOP_ANALYSIS = YES;
				CLANG_WARN_STRICT_PROTOTYPES = YES;
				CLANG_WARN_SUSPICIOUS_MOVE = YES;
				CLANG_WARN_UNGUARDED_AVAILABILITY = YES_AGGRESSIVE;
				CLANG_WARN_UNREACHABLE_CODE = YES;
				CLANG_WARN__DUPLICATE_METHOD_MATCH = YES;
				COPY_PHASE_STRIP = NO;
				CURRENT_PROJECT_VERSION = 1;
				DEBUG_INFORMATION_FORMAT = "dwarf-with-dsym";
				ENABLE_NS_ASSERTIONS = NO;
				ENABLE_STRICT_OBJC_MSGSEND = YES;
				GCC_C_LANGUAGE_STANDARD = gnu11;
				GCC_NO_COMMON_BLOCKS = YES;
				GCC_WARN_64_TO_32_BIT_CONVERSION = YES;
				GCC_WARN_ABOUT_RETURN_TYPE = YES_ERROR;
				GCC_WARN_UNDECLARED_SELECTOR = YES;
				GCC_WARN_UNINITIALIZED_AUTOS = YES_AGGRESSIVE;
				GCC_WARN_UNUSED_FUNCTION = YES;
				GCC_WARN_UNUSED_VARIABLE = YES;
				IPHONEOS_DEPLOYMENT_TARGET = 14.2;
				MTL_ENABLE_DEBUG_INFO = NO;
				MTL_FAST_MATH = YES;
				SDKROOT = iphoneos;
				SWIFT_COMPILATION_MODE = wholemodule;
				SWIFT_OPTIMIZATION_LEVEL = "-O";
				VALIDATE_PRODUCT = YES;
				VERSIONING_SYSTEM = "apple-generic";
				VERSION_INFO_PREFIX = "";
			};
			name = Release;
		};
		B53C7CFC25D7FB6100D29C31 /* Debug */ = {
			isa = XCBuildConfiguration;
			buildSettings = {
				CLANG_ENABLE_MODULES = YES;
				CODE_SIGN_STYLE = Automatic;
				DEFINES_MODULE = YES;
				DEVELOPMENT_TEAM = LR4V7R375P;
				DYLIB_COMPATIBILITY_VERSION = 1;
				DYLIB_CURRENT_VERSION = 1;
				DYLIB_INSTALL_NAME_BASE = "@rpath";
				INFOPLIST_FILE = FoodDetailModule/Info.plist;
				INSTALL_PATH = "$(LOCAL_LIBRARY_DIR)/Frameworks";
				LD_RUNPATH_SEARCH_PATHS = (
					"$(inherited)",
					"@executable_path/Frameworks",
					"@loader_path/Frameworks",
				);
				PRODUCT_BUNDLE_IDENTIFIER = aldovernando.FoodDetailModule;
				PRODUCT_NAME = "$(TARGET_NAME:c99extidentifier)";
				SKIP_INSTALL = YES;
				SWIFT_OPTIMIZATION_LEVEL = "-Onone";
				SWIFT_VERSION = 5.0;
				TARGETED_DEVICE_FAMILY = "1,2";
			};
			name = Debug;
		};
		B53C7CFD25D7FB6100D29C31 /* Release */ = {
			isa = XCBuildConfiguration;
			buildSettings = {
				CLANG_ENABLE_MODULES = YES;
				CODE_SIGN_STYLE = Automatic;
				DEFINES_MODULE = YES;
				DEVELOPMENT_TEAM = LR4V7R375P;
				DYLIB_COMPATIBILITY_VERSION = 1;
				DYLIB_CURRENT_VERSION = 1;
				DYLIB_INSTALL_NAME_BASE = "@rpath";
				INFOPLIST_FILE = FoodDetailModule/Info.plist;
				INSTALL_PATH = "$(LOCAL_LIBRARY_DIR)/Frameworks";
				LD_RUNPATH_SEARCH_PATHS = (
					"$(inherited)",
					"@executable_path/Frameworks",
					"@loader_path/Frameworks",
				);
				PRODUCT_BUNDLE_IDENTIFIER = aldovernando.FoodDetailModule;
				PRODUCT_NAME = "$(TARGET_NAME:c99extidentifier)";
				SKIP_INSTALL = YES;
				SWIFT_VERSION = 5.0;
				TARGETED_DEVICE_FAMILY = "1,2";
			};
			name = Release;
		};
		B53C7CFF25D7FB6100D29C31 /* Debug */ = {
			isa = XCBuildConfiguration;
			buildSettings = {
				ALWAYS_EMBED_SWIFT_STANDARD_LIBRARIES = YES;
				CODE_SIGN_STYLE = Automatic;
				DEVELOPMENT_TEAM = LR4V7R375P;
				INFOPLIST_FILE = FoodDetailModuleTests/Info.plist;
				LD_RUNPATH_SEARCH_PATHS = (
					"$(inherited)",
					"@executable_path/Frameworks",
					"@loader_path/Frameworks",
				);
				PRODUCT_BUNDLE_IDENTIFIER = aldovernando.FoodDetailModuleTests;
				PRODUCT_NAME = "$(TARGET_NAME)";
				SWIFT_VERSION = 5.0;
				TARGETED_DEVICE_FAMILY = "1,2";
			};
			name = Debug;
		};
		B53C7D0025D7FB6100D29C31 /* Release */ = {
			isa = XCBuildConfiguration;
			buildSettings = {
				ALWAYS_EMBED_SWIFT_STANDARD_LIBRARIES = YES;
				CODE_SIGN_STYLE = Automatic;
				DEVELOPMENT_TEAM = LR4V7R375P;
				INFOPLIST_FILE = FoodDetailModuleTests/Info.plist;
				LD_RUNPATH_SEARCH_PATHS = (
					"$(inherited)",
					"@executable_path/Frameworks",
					"@loader_path/Frameworks",
				);
				PRODUCT_BUNDLE_IDENTIFIER = aldovernando.FoodDetailModuleTests;
				PRODUCT_NAME = "$(TARGET_NAME)";
				SWIFT_VERSION = 5.0;
				TARGETED_DEVICE_FAMILY = "1,2";
			};
			name = Release;
		};
/* End XCBuildConfiguration section */

/* Begin XCConfigurationList section */
		B53C7CE125D7FB6000D29C31 /* Build configuration list for PBXProject "FoodDetailModule" */ = {
			isa = XCConfigurationList;
			buildConfigurations = (
				B53C7CF925D7FB6100D29C31 /* Debug */,
				B53C7CFA25D7FB6100D29C31 /* Release */,
			);
			defaultConfigurationIsVisible = 0;
			defaultConfigurationName = Release;
		};
		B53C7CFB25D7FB6100D29C31 /* Build configuration list for PBXNativeTarget "FoodDetailModule" */ = {
			isa = XCConfigurationList;
			buildConfigurations = (
				B53C7CFC25D7FB6100D29C31 /* Debug */,
				B53C7CFD25D7FB6100D29C31 /* Release */,
			);
			defaultConfigurationIsVisible = 0;
			defaultConfigurationName = Release;
		};
		B53C7CFE25D7FB6100D29C31 /* Build configuration list for PBXNativeTarget "FoodDetailModuleTests" */ = {
			isa = XCConfigurationList;
			buildConfigurations = (
				B53C7CFF25D7FB6100D29C31 /* Debug */,
				B53C7D0025D7FB6100D29C31 /* Release */,
			);
			defaultConfigurationIsVisible = 0;
			defaultConfigurationName = Release;
		};
/* End XCConfigurationList section */
	};
	rootObject = B53C7CDE25D7FB6000D29C31 /* Project object */;
}
